
Microsoft Visual Studio Solution File, Format Version 12.00
# Visual Studio Version 17
VisualStudioVersion = 17.14.36301.6 d17.14
MinimumVisualStudioVersion = 10.0.40219.1
Project("{8BC9CEB8-8B4A-11D0-8D11-00A0C91BC942}") = "MFC_SystemMonotor", "MFC_SystemMonotor.vcxproj", "{62007297-C28E-BD61-06A7-DB250E71D07C}"
EndProject
Global
	GlobalSection(SolutionConfigurationPlatforms) = preSolution
		Debug|x64 = Debug|x64
		Debug|x86 = Debug|x86
		Release|x64 = Release|x64
		Release|x86 = Release|x86
	EndGlobalSection
	GlobalSection(ProjectConfigurationPlatforms) = postSolution
		{62007297-C28E-BD61-06A7-DB250E71D07C}.Debug|x64.ActiveCfg = Debug|x64
		{62007297-C28E-BD61-06A7-DB250E71D07C}.Debug|x64.Build.0 = Debug|x64
		{62007297-C28E-BD61-06A7-DB250E71D07C}.Debug|x86.ActiveCfg = Debug|Win32
		{62007297-C28E-BD61-06A7-DB250E71D07C}.Debug|x86.Build.0 = Debug|Win32
		{62007297-C28E-BD61-06A7-DB250E71D07C}.Release|x64.ActiveCfg = Release|x64
		{62007297-C28E-BD61-06A7-DB250E71D07C}.Release|x64.Build.0 = Release|x64
		{62007297-C28E-BD61-06A7-DB250E71D07C}.Release|x86.ActiveCfg = Release|Win32
		{62007297-C28E-BD61-06A7-DB250E71D07C}.Release|x86.Build.0 = Release|Win32
	EndGlobalSection
	GlobalSection(SolutionProperties) = preSolution
		HideSolutionNode = FALSE
	EndGlobalSection
	GlobalSection(ExtensibilityGlobals) = postSolution
		SolutionGuid = {EBEFCB22-D967-4848-A233-DB81A7B35218}
	EndGlobalSection
EndGlobal
